
Microsoft Visual Studio Solution File, Format Version 12.00
# Visual Studio Version 17
VisualStudioVersion = 17.9.34607.119
MinimumVisualStudioVersion = 10.0.40219.1
Project("{2150E333-8FDC-42A3-9474-1A3956D46DE8}") = "Src", "Src", "{E4A5FDF7-B326-4F7B-8600-702428D5F6DC}"
EndProject
Project("{2150E333-8FDC-42A3-9474-1A3956D46DE8}") = "Clients", "Clients", "{335365CE-52A7-47E8-B62C-B3280EBCA095}"
EndProject
Project("{2150E333-8FDC-42A3-9474-1A3956D46DE8}") = "Common", "Common", "{B058F2F2-292E-4088-A80B-6C7199DA4554}"
EndProject
Project("{2150E333-8FDC-42A3-9474-1A3956D46DE8}") = "Projections", "Projections", "{2C2C2618-4C8F-4441-BF5F-42D5C3C44432}"
EndProject
Project("{9A19103F-16F7-4668-BE54-9A1E7A4F7556}") = "RentACarNow.Projections.AdminService", "src\Projections\RentACarNow.Projections.AdminService\RentACarNow.Projections.AdminService.csproj", "{F75D8A3B-2CFC-4E00-953C-8D847A38BADE}"
EndProject
Project("{9A19103F-16F7-4668-BE54-9A1E7A4F7556}") = "RentACarNow.Projections.BrandService", "src\Projections\RentACarNow.Projections.BrandService\RentACarNow.Projections.BrandService.csproj", "{BDEBB21C-3674-423A-8E0C-C5AAF17ACB4B}"
EndProject
Project("{9A19103F-16F7-4668-BE54-9A1E7A4F7556}") = "RentACarNow.Projections.CarService", "src\Projections\RentACarNow.Projections.CarService\RentACarNow.Projections.CarService.csproj", "{51C2516E-1752-49F0-984F-6779B4F697B7}"
EndProject
Project("{9A19103F-16F7-4668-BE54-9A1E7A4F7556}") = "RentACarNow.Projections.ClaimService", "src\Projections\RentACarNow.Projections.ClaimService\RentACarNow.Projections.ClaimService.csproj", "{0B530102-5AFC-4ED3-A99A-D738C24EBC1B}"
EndProject
Project("{9A19103F-16F7-4668-BE54-9A1E7A4F7556}") = "RentACarNow.Projections.CustomerService", "src\Projections\RentACarNow.Projections.CustomerService\RentACarNow.Projections.CustomerService.csproj", "{A35715DA-8506-477B-AB77-4273B765DC05}"
EndProject
Project("{9A19103F-16F7-4668-BE54-9A1E7A4F7556}") = "RentACarNow.Projections.EmployeeService", "src\Projections\RentACarNow.Projections.EmployeeService\RentACarNow.Projections.EmployeeService.csproj", "{1E4A67D1-E650-4ACB-882D-69F8F1D9E00E}"
EndProject
Project("{9A19103F-16F7-4668-BE54-9A1E7A4F7556}") = "RentACarNow.Projections.FeatureService", "src\Projections\RentACarNow.Projections.FeatureService\RentACarNow.Projections.FeatureService.csproj", "{B0FC1853-B705-45E1-9DEB-84ED6B06F802}"
EndProject
Project("{9A19103F-16F7-4668-BE54-9A1E7A4F7556}") = "RentACarNow.Projections.RentalService", "src\Projections\RentACarNow.Projections.RentalService\RentACarNow.Projections.RentalService.csproj", "{59331944-A1DE-4DE2-95D3-4370D699822C}"
EndProject
Project("{2150E333-8FDC-42A3-9474-1A3956D46DE8}") = "APIs", "APIs", "{CE1EDF7C-5189-48F2-B951-3F735B41B277}"
EndProject
Project("{2150E333-8FDC-42A3-9474-1A3956D46DE8}") = "ReadAPI", "ReadAPI", "{72727159-A9F9-4D82-835D-393315B20CFE}"
EndProject
Project("{2150E333-8FDC-42A3-9474-1A3956D46DE8}") = "WriteAPI", "WriteAPI", "{CC78A41C-E84A-4EE0-A44E-D39D7B146E88}"
EndProject
Project("{2150E333-8FDC-42A3-9474-1A3956D46DE8}") = "Core", "Core", "{7221F475-69CC-426C-8406-4EB93A6918E4}"
EndProject
Project("{2150E333-8FDC-42A3-9474-1A3956D46DE8}") = "Presentation", "Presentation", "{978EDFEA-0BA6-48B6-BCC4-78E792DB7292}"
EndProject
Project("{2150E333-8FDC-42A3-9474-1A3956D46DE8}") = "Infrastructure", "Infrastructure", "{3CB33423-F0E9-44A6-A73B-F1D538ECD15C}"
EndProject
Project("{2150E333-8FDC-42A3-9474-1A3956D46DE8}") = "Core", "Core", "{E4531B69-9ED0-4DE8-9AC7-0077D1D40FE3}"
EndProject
Project("{2150E333-8FDC-42A3-9474-1A3956D46DE8}") = "Presentation", "Presentation", "{A4393A23-6028-4238-BAC1-D57D9F6AEBA6}"
EndProject
Project("{2150E333-8FDC-42A3-9474-1A3956D46DE8}") = "Infrastructure", "Infrastructure", "{513D400D-76D5-4183-BAB8-5B7EEBCA019D}"
EndProject
Project("{9A19103F-16F7-4668-BE54-9A1E7A4F7556}") = "RentACarNow.APIs.ReadAPI.Domain", "src\APIs\ReadAPI\Core\RentACarNow.APIs.ReadAPI.Domain\RentACarNow.APIs.ReadAPI.Domain.csproj", "{D1F4B402-131B-4D33-93CC-A0029941316D}"
EndProject
Project("{9A19103F-16F7-4668-BE54-9A1E7A4F7556}") = "RentACarNow.APIs.ReadAPI.Application", "src\APIs\ReadAPI\Core\RentACarNow.APIs.ReadAPI.Application\RentACarNow.APIs.ReadAPI.Application.csproj", "{E49489EC-E99B-46B5-A2DB-080A8249175E}"
EndProject
Project("{9A19103F-16F7-4668-BE54-9A1E7A4F7556}") = "RentACarNow.APIs.ReadAPI.Infrastructure", "src\APIs\ReadAPI\Infrastructure\RentACarNow.APIs.ReadAPI.Infrastructure\RentACarNow.APIs.ReadAPI.Infrastructure.csproj", "{DF58A373-AFB8-4904-A554-FD19489F3A82}"
EndProject
Project("{9A19103F-16F7-4668-BE54-9A1E7A4F7556}") = "RentACarNow.APIs.ReadAPI.Persistence", "src\APIs\ReadAPI\Infrastructure\RentACarNow.APIs.ReadAPI.Persistence\RentACarNow.APIs.ReadAPI.Persistence.csproj", "{D5ECF3A2-69A3-4A0D-B61B-4499F2EBE934}"
EndProject
Project("{9A19103F-16F7-4668-BE54-9A1E7A4F7556}") = "RentACarNow.APIs.ReadAPI.WebAPI", "src\APIs\ReadAPI\Presentation\RentACarNow.APIs.ReadAPI.WebAPI\RentACarNow.APIs.ReadAPI.WebAPI.csproj", "{D0AF0E82-74F8-4911-953A-9B58B96872E3}"
EndProject
Project("{9A19103F-16F7-4668-BE54-9A1E7A4F7556}") = "RentACarNow.APIs.WriteAPI.Application", "src\APIs\WriteAPI\Core\RentACarNow.APIs.WriteAPI.Application\RentACarNow.APIs.WriteAPI.Application.csproj", "{759045CB-B348-4D90-A8EA-79BF6046AEC5}"
EndProject
Project("{9A19103F-16F7-4668-BE54-9A1E7A4F7556}") = "RentACarNow.APIs.WriteAPI.Domain", "src\APIs\WriteAPI\Core\RentACarNow.APIs.WriteAPI.Domain\RentACarNow.APIs.WriteAPI.Domain.csproj", "{B142EA9F-7861-447C-A821-289A2DA1E8FE}"
EndProject
Project("{9A19103F-16F7-4668-BE54-9A1E7A4F7556}") = "RentACarNow.APIs.WriteAPI.Infrastructure", "src\APIs\WriteAPI\Infrastructure\RentACarNow.APIs.WriteAPI.Infrastructure\RentACarNow.APIs.WriteAPI.Infrastructure.csproj", "{13478DF1-3167-4050-AFD7-9D2D524536E3}"
EndProject
Project("{9A19103F-16F7-4668-BE54-9A1E7A4F7556}") = "RentACarNow.APIs.WriteAPI.Persistence", "src\APIs\WriteAPI\Infrastructure\RentACarNow.APIs.WriteAPI.Persistence\RentACarNow.APIs.WriteAPI.Persistence.csproj", "{EAB1F368-FAF1-41BA-8B98-532FD80D2491}"
EndProject
Project("{9A19103F-16F7-4668-BE54-9A1E7A4F7556}") = "RentACarNow.APIs.WriteAPI.WebAPI", "src\APIs\WriteAPI\Presentation\RentACarNow.APIs.WriteAPI.WebAPI\RentACarNow.APIs.WriteAPI.WebAPI.csproj", "{B328A988-21F3-451F-88D0-C3E781AF55CE}"
EndProject
Project("{2150E333-8FDC-42A3-9474-1A3956D46DE8}") = "Consumers", "Consumers", "{38B35AF8-B172-4540-8419-E76F978AA1AE}"
EndProject
Project("{2150E333-8FDC-42A3-9474-1A3956D46DE8}") = "OutboxPublishers", "OutboxPublishers", "{97E6DC53-0D94-4C9D-8E34-759F11EF6B9F}"
EndProject
Project("{9A19103F-16F7-4668-BE54-9A1E7A4F7556}") = "RentACarNow.OutboxPublishers.BrandOutboxPublisher", "src\OutboxPublishers\RentACarNow.OutboxPublishers.BrandOutboxPublisher\RentACarNow.OutboxPublishers.BrandOutboxPublisher.csproj", "{6C255780-24C9-4632-BABA-418EF3792B0D}"
EndProject
Project("{9A19103F-16F7-4668-BE54-9A1E7A4F7556}") = "RentACarNow.OutboxPublishers.CarOutboxPublisher", "src\OutboxPublishers\RentACarNow.OutboxPublishers.CarOutboxPublisher\RentACarNow.OutboxPublishers.CarOutboxPublisher.csproj", "{21F886C5-2C21-422E-B9F3-4BC5BD4BD091}"
EndProject
Project("{9A19103F-16F7-4668-BE54-9A1E7A4F7556}") = "RentACarNow.OutboxPublishers.ClaimOutboxPublisher", "src\OutboxPublishers\RentACarNow.OutboxPublishers.ClaimOutboxPublisher\RentACarNow.OutboxPublishers.ClaimOutboxPublisher.csproj", "{BB88039D-86AE-44B9-ABE1-F9773A69EE11}"
EndProject
Project("{9A19103F-16F7-4668-BE54-9A1E7A4F7556}") = "RentACarNow.OutboxPublishers.UserOutboxPublisher", "src\OutboxPublishers\RentACarNow.OutboxPublishers.UserOutboxPublisher\RentACarNow.OutboxPublishers.UserOutboxPublisher.csproj", "{3590B226-86AA-4F98-9261-E32992EF4807}"
EndProject
Project("{9A19103F-16F7-4668-BE54-9A1E7A4F7556}") = "RentACarNow.Common.Constants", "src\Common\RentACarNow.Common.Constants\RentACarNow.Common.Constants.csproj", "{4A243FFD-30BF-44BC-8012-57782A3D8A33}"
EndProject
Project("{9A19103F-16F7-4668-BE54-9A1E7A4F7556}") = "RentACarNow.Common.Enums", "src\Common\RentACarNow.Common.Enums\RentACarNow.Common.Enums.csproj", "{09995C65-089F-41C4-87B4-58782D638D7A}"
EndProject
Project("{9A19103F-16F7-4668-BE54-9A1E7A4F7556}") = "RentACarNow.Common.Events", "src\Common\RentACarNow.Common.Events\RentACarNow.Common.Events.csproj", "{D9386B0C-79B3-4A34-A3C8-26C42277C020}"
EndProject
Project("{9A19103F-16F7-4668-BE54-9A1E7A4F7556}") = "RentACarNow.Common.Infrastructure", "src\Common\RentACarNow.Common.Infrastructure\RentACarNow.Common.Infrastructure.csproj", "{1F0002C3-14AF-4046-8818-8774FD38ECE8}"
EndProject
Project("{9A19103F-16F7-4668-BE54-9A1E7A4F7556}") = "RentACarNow.Common.Models", "src\Common\RentACarNow.Common.Models\RentACarNow.Common.Models.csproj", "{4459BD88-343A-4AC2-BB31-291047178DA5}"
EndProject
Project("{9A19103F-16F7-4668-BE54-9A1E7A4F7556}") = "RentACarNow.Common.Entities", "src\Common\RentACarNow.Common.Entities\RentACarNow.Common.Entities.csproj", "{D13530AA-AD49-44AB-B510-3E167EE473C7}"
EndProject
Project("{9A19103F-16F7-4668-BE54-9A1E7A4F7556}") = "RentACarNow.Common.Contexts", "src\Common\RentACarNow.Common.Contexts\RentACarNow.Common.Contexts.csproj", "{D18D5F8B-7D34-4110-B305-E0A2FC5A7549}"
EndProject
Project("{2150E333-8FDC-42A3-9474-1A3956D46DE8}") = "SolutionItems", "SolutionItems", "{AEB4C260-E767-4700-8E92-D4CADB2CD8BB}"
	ProjectSection(SolutionItems) = preProject
		Events.txt = Events.txt
	EndProjectSection
EndProject
Global
	GlobalSection(SolutionConfigurationPlatforms) = preSolution
		Debug|Any CPU = Debug|Any CPU
		Release|Any CPU = Release|Any CPU
	EndGlobalSection
	GlobalSection(ProjectConfigurationPlatforms) = postSolution
		{F75D8A3B-2CFC-4E00-953C-8D847A38BADE}.Debug|Any CPU.ActiveCfg = Debug|Any CPU
		{F75D8A3B-2CFC-4E00-953C-8D847A38BADE}.Debug|Any CPU.Build.0 = Debug|Any CPU
		{F75D8A3B-2CFC-4E00-953C-8D847A38BADE}.Release|Any CPU.ActiveCfg = Release|Any CPU
		{F75D8A3B-2CFC-4E00-953C-8D847A38BADE}.Release|Any CPU.Build.0 = Release|Any CPU
		{BDEBB21C-3674-423A-8E0C-C5AAF17ACB4B}.Debug|Any CPU.ActiveCfg = Debug|Any CPU
		{BDEBB21C-3674-423A-8E0C-C5AAF17ACB4B}.Debug|Any CPU.Build.0 = Debug|Any CPU
		{BDEBB21C-3674-423A-8E0C-C5AAF17ACB4B}.Release|Any CPU.ActiveCfg = Release|Any CPU
		{BDEBB21C-3674-423A-8E0C-C5AAF17ACB4B}.Release|Any CPU.Build.0 = Release|Any CPU
		{51C2516E-1752-49F0-984F-6779B4F697B7}.Debug|Any CPU.ActiveCfg = Debug|Any CPU
		{51C2516E-1752-49F0-984F-6779B4F697B7}.Debug|Any CPU.Build.0 = Debug|Any CPU
		{51C2516E-1752-49F0-984F-6779B4F697B7}.Release|Any CPU.ActiveCfg = Release|Any CPU
		{51C2516E-1752-49F0-984F-6779B4F697B7}.Release|Any CPU.Build.0 = Release|Any CPU
		{0B530102-5AFC-4ED3-A99A-D738C24EBC1B}.Debug|Any CPU.ActiveCfg = Debug|Any CPU
		{0B530102-5AFC-4ED3-A99A-D738C24EBC1B}.Debug|Any CPU.Build.0 = Debug|Any CPU
		{0B530102-5AFC-4ED3-A99A-D738C24EBC1B}.Release|Any CPU.ActiveCfg = Release|Any CPU
		{0B530102-5AFC-4ED3-A99A-D738C24EBC1B}.Release|Any CPU.Build.0 = Release|Any CPU
		{A35715DA-8506-477B-AB77-4273B765DC05}.Debug|Any CPU.ActiveCfg = Debug|Any CPU
		{A35715DA-8506-477B-AB77-4273B765DC05}.Debug|Any CPU.Build.0 = Debug|Any CPU
		{A35715DA-8506-477B-AB77-4273B765DC05}.Release|Any CPU.ActiveCfg = Release|Any CPU
		{A35715DA-8506-477B-AB77-4273B765DC05}.Release|Any CPU.Build.0 = Release|Any CPU
		{1E4A67D1-E650-4ACB-882D-69F8F1D9E00E}.Debug|Any CPU.ActiveCfg = Debug|Any CPU
		{1E4A67D1-E650-4ACB-882D-69F8F1D9E00E}.Debug|Any CPU.Build.0 = Debug|Any CPU
		{1E4A67D1-E650-4ACB-882D-69F8F1D9E00E}.Release|Any CPU.ActiveCfg = Release|Any CPU
		{1E4A67D1-E650-4ACB-882D-69F8F1D9E00E}.Release|Any CPU.Build.0 = Release|Any CPU
		{B0FC1853-B705-45E1-9DEB-84ED6B06F802}.Debug|Any CPU.ActiveCfg = Debug|Any CPU
		{B0FC1853-B705-45E1-9DEB-84ED6B06F802}.Debug|Any CPU.Build.0 = Debug|Any CPU
		{B0FC1853-B705-45E1-9DEB-84ED6B06F802}.Release|Any CPU.ActiveCfg = Release|Any CPU
		{B0FC1853-B705-45E1-9DEB-84ED6B06F802}.Release|Any CPU.Build.0 = Release|Any CPU
		{59331944-A1DE-4DE2-95D3-4370D699822C}.Debug|Any CPU.ActiveCfg = Debug|Any CPU
		{59331944-A1DE-4DE2-95D3-4370D699822C}.Debug|Any CPU.Build.0 = Debug|Any CPU
		{59331944-A1DE-4DE2-95D3-4370D699822C}.Release|Any CPU.ActiveCfg = Release|Any CPU
		{59331944-A1DE-4DE2-95D3-4370D699822C}.Release|Any CPU.Build.0 = Release|Any CPU
		{D1F4B402-131B-4D33-93CC-A0029941316D}.Debug|Any CPU.ActiveCfg = Debug|Any CPU
		{D1F4B402-131B-4D33-93CC-A0029941316D}.Debug|Any CPU.Build.0 = Debug|Any CPU
		{D1F4B402-131B-4D33-93CC-A0029941316D}.Release|Any CPU.ActiveCfg = Release|Any CPU
		{D1F4B402-131B-4D33-93CC-A0029941316D}.Release|Any CPU.Build.0 = Release|Any CPU
		{E49489EC-E99B-46B5-A2DB-080A8249175E}.Debug|Any CPU.ActiveCfg = Debug|Any CPU
		{E49489EC-E99B-46B5-A2DB-080A8249175E}.Debug|Any CPU.Build.0 = Debug|Any CPU
		{E49489EC-E99B-46B5-A2DB-080A8249175E}.Release|Any CPU.ActiveCfg = Release|Any CPU
		{E49489EC-E99B-46B5-A2DB-080A8249175E}.Release|Any CPU.Build.0 = Release|Any CPU
		{DF58A373-AFB8-4904-A554-FD19489F3A82}.Debug|Any CPU.ActiveCfg = Debug|Any CPU
		{DF58A373-AFB8-4904-A554-FD19489F3A82}.Debug|Any CPU.Build.0 = Debug|Any CPU
		{DF58A373-AFB8-4904-A554-FD19489F3A82}.Release|Any CPU.ActiveCfg = Release|Any CPU
		{DF58A373-AFB8-4904-A554-FD19489F3A82}.Release|Any CPU.Build.0 = Release|Any CPU
		{D5ECF3A2-69A3-4A0D-B61B-4499F2EBE934}.Debug|Any CPU.ActiveCfg = Debug|Any CPU
		{D5ECF3A2-69A3-4A0D-B61B-4499F2EBE934}.Debug|Any CPU.Build.0 = Debug|Any CPU
		{D5ECF3A2-69A3-4A0D-B61B-4499F2EBE934}.Release|Any CPU.ActiveCfg = Release|Any CPU
		{D5ECF3A2-69A3-4A0D-B61B-4499F2EBE934}.Release|Any CPU.Build.0 = Release|Any CPU
		{D0AF0E82-74F8-4911-953A-9B58B96872E3}.Debug|Any CPU.ActiveCfg = Debug|Any CPU
		{D0AF0E82-74F8-4911-953A-9B58B96872E3}.Debug|Any CPU.Build.0 = Debug|Any CPU
		{D0AF0E82-74F8-4911-953A-9B58B96872E3}.Release|Any CPU.ActiveCfg = Release|Any CPU
		{D0AF0E82-74F8-4911-953A-9B58B96872E3}.Release|Any CPU.Build.0 = Release|Any CPU
		{759045CB-B348-4D90-A8EA-79BF6046AEC5}.Debug|Any CPU.ActiveCfg = Debug|Any CPU
		{759045CB-B348-4D90-A8EA-79BF6046AEC5}.Debug|Any CPU.Build.0 = Debug|Any CPU
		{759045CB-B348-4D90-A8EA-79BF6046AEC5}.Release|Any CPU.ActiveCfg = Release|Any CPU
		{759045CB-B348-4D90-A8EA-79BF6046AEC5}.Release|Any CPU.Build.0 = Release|Any CPU
		{B142EA9F-7861-447C-A821-289A2DA1E8FE}.Debug|Any CPU.ActiveCfg = Debug|Any CPU
		{B142EA9F-7861-447C-A821-289A2DA1E8FE}.Debug|Any CPU.Build.0 = Debug|Any CPU
		{B142EA9F-7861-447C-A821-289A2DA1E8FE}.Release|Any CPU.ActiveCfg = Release|Any CPU
		{B142EA9F-7861-447C-A821-289A2DA1E8FE}.Release|Any CPU.Build.0 = Release|Any CPU
		{13478DF1-3167-4050-AFD7-9D2D524536E3}.Debug|Any CPU.ActiveCfg = Debug|Any CPU
		{13478DF1-3167-4050-AFD7-9D2D524536E3}.Debug|Any CPU.Build.0 = Debug|Any CPU
		{13478DF1-3167-4050-AFD7-9D2D524536E3}.Release|Any CPU.ActiveCfg = Release|Any CPU
		{13478DF1-3167-4050-AFD7-9D2D524536E3}.Release|Any CPU.Build.0 = Release|Any CPU
		{EAB1F368-FAF1-41BA-8B98-532FD80D2491}.Debug|Any CPU.ActiveCfg = Debug|Any CPU
		{EAB1F368-FAF1-41BA-8B98-532FD80D2491}.Debug|Any CPU.Build.0 = Debug|Any CPU
		{EAB1F368-FAF1-41BA-8B98-532FD80D2491}.Release|Any CPU.ActiveCfg = Release|Any CPU
		{EAB1F368-FAF1-41BA-8B98-532FD80D2491}.Release|Any CPU.Build.0 = Release|Any CPU
		{B328A988-21F3-451F-88D0-C3E781AF55CE}.Debug|Any CPU.ActiveCfg = Debug|Any CPU
		{B328A988-21F3-451F-88D0-C3E781AF55CE}.Debug|Any CPU.Build.0 = Debug|Any CPU
		{B328A988-21F3-451F-88D0-C3E781AF55CE}.Release|Any CPU.ActiveCfg = Release|Any CPU
		{B328A988-21F3-451F-88D0-C3E781AF55CE}.Release|Any CPU.Build.0 = Release|Any CPU
		{6C255780-24C9-4632-BABA-418EF3792B0D}.Debug|Any CPU.ActiveCfg = Debug|Any CPU
		{6C255780-24C9-4632-BABA-418EF3792B0D}.Debug|Any CPU.Build.0 = Debug|Any CPU
		{6C255780-24C9-4632-BABA-418EF3792B0D}.Release|Any CPU.ActiveCfg = Release|Any CPU
		{6C255780-24C9-4632-BABA-418EF3792B0D}.Release|Any CPU.Build.0 = Release|Any CPU
		{21F886C5-2C21-422E-B9F3-4BC5BD4BD091}.Debug|Any CPU.ActiveCfg = Debug|Any CPU
		{21F886C5-2C21-422E-B9F3-4BC5BD4BD091}.Debug|Any CPU.Build.0 = Debug|Any CPU
		{21F886C5-2C21-422E-B9F3-4BC5BD4BD091}.Release|Any CPU.ActiveCfg = Release|Any CPU
		{21F886C5-2C21-422E-B9F3-4BC5BD4BD091}.Release|Any CPU.Build.0 = Release|Any CPU
		{BB88039D-86AE-44B9-ABE1-F9773A69EE11}.Debug|Any CPU.ActiveCfg = Debug|Any CPU
		{BB88039D-86AE-44B9-ABE1-F9773A69EE11}.Debug|Any CPU.Build.0 = Debug|Any CPU
		{BB88039D-86AE-44B9-ABE1-F9773A69EE11}.Release|Any CPU.ActiveCfg = Release|Any CPU
		{BB88039D-86AE-44B9-ABE1-F9773A69EE11}.Release|Any CPU.Build.0 = Release|Any CPU
		{3590B226-86AA-4F98-9261-E32992EF4807}.Debug|Any CPU.ActiveCfg = Debug|Any CPU
		{3590B226-86AA-4F98-9261-E32992EF4807}.Debug|Any CPU.Build.0 = Debug|Any CPU
		{3590B226-86AA-4F98-9261-E32992EF4807}.Release|Any CPU.ActiveCfg = Release|Any CPU
		{3590B226-86AA-4F98-9261-E32992EF4807}.Release|Any CPU.Build.0 = Release|Any CPU
		{4A243FFD-30BF-44BC-8012-57782A3D8A33}.Debug|Any CPU.ActiveCfg = Debug|Any CPU
		{4A243FFD-30BF-44BC-8012-57782A3D8A33}.Debug|Any CPU.Build.0 = Debug|Any CPU
		{4A243FFD-30BF-44BC-8012-57782A3D8A33}.Release|Any CPU.ActiveCfg = Release|Any CPU
		{4A243FFD-30BF-44BC-8012-57782A3D8A33}.Release|Any CPU.Build.0 = Release|Any CPU
		{09995C65-089F-41C4-87B4-58782D638D7A}.Debug|Any CPU.ActiveCfg = Debug|Any CPU
		{09995C65-089F-41C4-87B4-58782D638D7A}.Debug|Any CPU.Build.0 = Debug|Any CPU
		{09995C65-089F-41C4-87B4-58782D638D7A}.Release|Any CPU.ActiveCfg = Release|Any CPU
		{09995C65-089F-41C4-87B4-58782D638D7A}.Release|Any CPU.Build.0 = Release|Any CPU
		{D9386B0C-79B3-4A34-A3C8-26C42277C020}.Debug|Any CPU.ActiveCfg = Debug|Any CPU
		{D9386B0C-79B3-4A34-A3C8-26C42277C020}.Debug|Any CPU.Build.0 = Debug|Any CPU
		{D9386B0C-79B3-4A34-A3C8-26C42277C020}.Release|Any CPU.ActiveCfg = Release|Any CPU
		{D9386B0C-79B3-4A34-A3C8-26C42277C020}.Release|Any CPU.Build.0 = Release|Any CPU
		{1F0002C3-14AF-4046-8818-8774FD38ECE8}.Debug|Any CPU.ActiveCfg = Debug|Any CPU
		{1F0002C3-14AF-4046-8818-8774FD38ECE8}.Debug|Any CPU.Build.0 = Debug|Any CPU
		{1F0002C3-14AF-4046-8818-8774FD38ECE8}.Release|Any CPU.ActiveCfg = Release|Any CPU
		{1F0002C3-14AF-4046-8818-8774FD38ECE8}.Release|Any CPU.Build.0 = Release|Any CPU
		{4459BD88-343A-4AC2-BB31-291047178DA5}.Debug|Any CPU.ActiveCfg = Debug|Any CPU
		{4459BD88-343A-4AC2-BB31-291047178DA5}.Debug|Any CPU.Build.0 = Debug|Any CPU
		{4459BD88-343A-4AC2-BB31-291047178DA5}.Release|Any CPU.ActiveCfg = Release|Any CPU
		{4459BD88-343A-4AC2-BB31-291047178DA5}.Release|Any CPU.Build.0 = Release|Any CPU
		{D13530AA-AD49-44AB-B510-3E167EE473C7}.Debug|Any CPU.ActiveCfg = Debug|Any CPU
		{D13530AA-AD49-44AB-B510-3E167EE473C7}.Debug|Any CPU.Build.0 = Debug|Any CPU
		{D13530AA-AD49-44AB-B510-3E167EE473C7}.Release|Any CPU.ActiveCfg = Release|Any CPU
		{D13530AA-AD49-44AB-B510-3E167EE473C7}.Release|Any CPU.Build.0 = Release|Any CPU
		{D18D5F8B-7D34-4110-B305-E0A2FC5A7549}.Debug|Any CPU.ActiveCfg = Debug|Any CPU
		{D18D5F8B-7D34-4110-B305-E0A2FC5A7549}.Debug|Any CPU.Build.0 = Debug|Any CPU
		{D18D5F8B-7D34-4110-B305-E0A2FC5A7549}.Release|Any CPU.ActiveCfg = Release|Any CPU
		{D18D5F8B-7D34-4110-B305-E0A2FC5A7549}.Release|Any CPU.Build.0 = Release|Any CPU
	EndGlobalSection
	GlobalSection(SolutionProperties) = preSolution
		HideSolutionNode = FALSE
	EndGlobalSection
	GlobalSection(NestedProjects) = preSolution
		{335365CE-52A7-47E8-B62C-B3280EBCA095} = {E4A5FDF7-B326-4F7B-8600-702428D5F6DC}
		{B058F2F2-292E-4088-A80B-6C7199DA4554} = {E4A5FDF7-B326-4F7B-8600-702428D5F6DC}
		{2C2C2618-4C8F-4441-BF5F-42D5C3C44432} = {E4A5FDF7-B326-4F7B-8600-702428D5F6DC}
		{F75D8A3B-2CFC-4E00-953C-8D847A38BADE} = {2C2C2618-4C8F-4441-BF5F-42D5C3C44432}
		{BDEBB21C-3674-423A-8E0C-C5AAF17ACB4B} = {2C2C2618-4C8F-4441-BF5F-42D5C3C44432}
		{51C2516E-1752-49F0-984F-6779B4F697B7} = {2C2C2618-4C8F-4441-BF5F-42D5C3C44432}
		{0B530102-5AFC-4ED3-A99A-D738C24EBC1B} = {2C2C2618-4C8F-4441-BF5F-42D5C3C44432}
		{A35715DA-8506-477B-AB77-4273B765DC05} = {2C2C2618-4C8F-4441-BF5F-42D5C3C44432}
		{1E4A67D1-E650-4ACB-882D-69F8F1D9E00E} = {2C2C2618-4C8F-4441-BF5F-42D5C3C44432}
		{B0FC1853-B705-45E1-9DEB-84ED6B06F802} = {2C2C2618-4C8F-4441-BF5F-42D5C3C44432}
		{59331944-A1DE-4DE2-95D3-4370D699822C} = {2C2C2618-4C8F-4441-BF5F-42D5C3C44432}
		{CE1EDF7C-5189-48F2-B951-3F735B41B277} = {E4A5FDF7-B326-4F7B-8600-702428D5F6DC}
		{72727159-A9F9-4D82-835D-393315B20CFE} = {CE1EDF7C-5189-48F2-B951-3F735B41B277}
		{CC78A41C-E84A-4EE0-A44E-D39D7B146E88} = {CE1EDF7C-5189-48F2-B951-3F735B41B277}
		{7221F475-69CC-426C-8406-4EB93A6918E4} = {72727159-A9F9-4D82-835D-393315B20CFE}
		{978EDFEA-0BA6-48B6-BCC4-78E792DB7292} = {72727159-A9F9-4D82-835D-393315B20CFE}
		{3CB33423-F0E9-44A6-A73B-F1D538ECD15C} = {72727159-A9F9-4D82-835D-393315B20CFE}
		{E4531B69-9ED0-4DE8-9AC7-0077D1D40FE3} = {CC78A41C-E84A-4EE0-A44E-D39D7B146E88}
		{A4393A23-6028-4238-BAC1-D57D9F6AEBA6} = {CC78A41C-E84A-4EE0-A44E-D39D7B146E88}
		{513D400D-76D5-4183-BAB8-5B7EEBCA019D} = {CC78A41C-E84A-4EE0-A44E-D39D7B146E88}
		{D1F4B402-131B-4D33-93CC-A0029941316D} = {7221F475-69CC-426C-8406-4EB93A6918E4}
		{E49489EC-E99B-46B5-A2DB-080A8249175E} = {7221F475-69CC-426C-8406-4EB93A6918E4}
		{DF58A373-AFB8-4904-A554-FD19489F3A82} = {3CB33423-F0E9-44A6-A73B-F1D538ECD15C}
		{D5ECF3A2-69A3-4A0D-B61B-4499F2EBE934} = {3CB33423-F0E9-44A6-A73B-F1D538ECD15C}
		{D0AF0E82-74F8-4911-953A-9B58B96872E3} = {978EDFEA-0BA6-48B6-BCC4-78E792DB7292}
		{759045CB-B348-4D90-A8EA-79BF6046AEC5} = {E4531B69-9ED0-4DE8-9AC7-0077D1D40FE3}
		{B142EA9F-7861-447C-A821-289A2DA1E8FE} = {E4531B69-9ED0-4DE8-9AC7-0077D1D40FE3}
		{13478DF1-3167-4050-AFD7-9D2D524536E3} = {513D400D-76D5-4183-BAB8-5B7EEBCA019D}
		{EAB1F368-FAF1-41BA-8B98-532FD80D2491} = {513D400D-76D5-4183-BAB8-5B7EEBCA019D}
		{B328A988-21F3-451F-88D0-C3E781AF55CE} = {A4393A23-6028-4238-BAC1-D57D9F6AEBA6}
		{38B35AF8-B172-4540-8419-E76F978AA1AE} = {E4A5FDF7-B326-4F7B-8600-702428D5F6DC}
		{97E6DC53-0D94-4C9D-8E34-759F11EF6B9F} = {E4A5FDF7-B326-4F7B-8600-702428D5F6DC}
		{6C255780-24C9-4632-BABA-418EF3792B0D} = {97E6DC53-0D94-4C9D-8E34-759F11EF6B9F}
		{21F886C5-2C21-422E-B9F3-4BC5BD4BD091} = {97E6DC53-0D94-4C9D-8E34-759F11EF6B9F}
		{BB88039D-86AE-44B9-ABE1-F9773A69EE11} = {97E6DC53-0D94-4C9D-8E34-759F11EF6B9F}
		{3590B226-86AA-4F98-9261-E32992EF4807} = {97E6DC53-0D94-4C9D-8E34-759F11EF6B9F}
		{4A243FFD-30BF-44BC-8012-57782A3D8A33} = {B058F2F2-292E-4088-A80B-6C7199DA4554}
		{09995C65-089F-41C4-87B4-58782D638D7A} = {B058F2F2-292E-4088-A80B-6C7199DA4554}
		{D9386B0C-79B3-4A34-A3C8-26C42277C020} = {B058F2F2-292E-4088-A80B-6C7199DA4554}
		{1F0002C3-14AF-4046-8818-8774FD38ECE8} = {B058F2F2-292E-4088-A80B-6C7199DA4554}
		{4459BD88-343A-4AC2-BB31-291047178DA5} = {B058F2F2-292E-4088-A80B-6C7199DA4554}
		{D13530AA-AD49-44AB-B510-3E167EE473C7} = {B058F2F2-292E-4088-A80B-6C7199DA4554}
		{D18D5F8B-7D34-4110-B305-E0A2FC5A7549} = {B058F2F2-292E-4088-A80B-6C7199DA4554}
	EndGlobalSection
	GlobalSection(ExtensibilityGlobals) = postSolution
		SolutionGuid = {F87D720B-8CFA-4443-A0A5-5CBA0237316B}
	EndGlobalSection
EndGlobal
