
Microsoft Visual Studio Solution File, Format Version 12.00
# Visual Studio Version 17
VisualStudioVersion = 17.9.34607.119
MinimumVisualStudioVersion = 10.0.40219.1
Project("{2150E333-8FDC-42A3-9474-1A3956D46DE8}") = "Src", "Src", "{E4A5FDF7-B326-4F7B-8600-702428D5F6DC}"
EndProject
Project("{2150E333-8FDC-42A3-9474-1A3956D46DE8}") = "Core", "Core", "{9B7E5CD4-098B-486C-8DDD-4BC0861431B0}"
EndProject
Project("{2150E333-8FDC-42A3-9474-1A3956D46DE8}") = "Infrastructure", "Infrastructure", "{35DC0366-AA81-4330-960C-48175DE12967}"
EndProject
Project("{2150E333-8FDC-42A3-9474-1A3956D46DE8}") = "Presentation", "Presentation", "{2F242148-2EEF-459A-B35C-4626D19330A8}"
EndProject
Project("{9A19103F-16F7-4668-BE54-9A1E7A4F7556}") = "RentACarNow.Domain", "src\Core\RentACarNow.Domain\RentACarNow.Domain.csproj", "{96CAAB5A-3D6C-451B-9CD0-3BF7221E2FF7}"
EndProject
Project("{9A19103F-16F7-4668-BE54-9A1E7A4F7556}") = "RentACarNow.Application", "src\Core\RentACarNow.Application\RentACarNow.Application.csproj", "{F77A2451-C3D6-415A-AE05-13EF6128D7F0}"
EndProject
Project("{9A19103F-16F7-4668-BE54-9A1E7A4F7556}") = "RentACarNow.Infrastructure", "src\Infrastructure\RentACarNow.Infrastructure\RentACarNow.Infrastructure.csproj", "{49E95C41-A3F2-42B1-85C4-E4182662741A}"
EndProject
Project("{9A19103F-16F7-4668-BE54-9A1E7A4F7556}") = "RentACarNow.WebAPI", "src\Presentation\RentACarNow.WebAPI\RentACarNow.WebAPI.csproj", "{36E08F9F-F8AE-499A-875A-EF61DEE7392B}"
EndProject
Project("{9A19103F-16F7-4668-BE54-9A1E7A4F7556}") = "RentACarNow.Persistence", "src\Infrastructure\RentACarNow.Persistence\RentACarNow.Persistence.csproj", "{860A848D-B855-45B9-BE2A-55A9533F8472}"
EndProject
Project("{2150E333-8FDC-42A3-9474-1A3956D46DE8}") = "Clients", "Clients", "{335365CE-52A7-47E8-B62C-B3280EBCA095}"
EndProject
Project("{2150E333-8FDC-42A3-9474-1A3956D46DE8}") = "Blazor", "Blazor", "{47C010E9-B195-446A-AF16-C0F90666BFB3}"
EndProject
Project("{9A19103F-16F7-4668-BE54-9A1E7A4F7556}") = "RentACarNow.WebApp", "src\Clients\RentACarNow.WebApp\RentACarNow.WebApp.csproj", "{915CBD84-4633-4DAC-BF31-19498DF814B5}"
EndProject
Global
	GlobalSection(SolutionConfigurationPlatforms) = preSolution
		Debug|Any CPU = Debug|Any CPU
		Release|Any CPU = Release|Any CPU
	EndGlobalSection
	GlobalSection(ProjectConfigurationPlatforms) = postSolution
		{96CAAB5A-3D6C-451B-9CD0-3BF7221E2FF7}.Debug|Any CPU.ActiveCfg = Debug|Any CPU
		{96CAAB5A-3D6C-451B-9CD0-3BF7221E2FF7}.Debug|Any CPU.Build.0 = Debug|Any CPU
		{96CAAB5A-3D6C-451B-9CD0-3BF7221E2FF7}.Release|Any CPU.ActiveCfg = Release|Any CPU
		{96CAAB5A-3D6C-451B-9CD0-3BF7221E2FF7}.Release|Any CPU.Build.0 = Release|Any CPU
		{F77A2451-C3D6-415A-AE05-13EF6128D7F0}.Debug|Any CPU.ActiveCfg = Debug|Any CPU
		{F77A2451-C3D6-415A-AE05-13EF6128D7F0}.Debug|Any CPU.Build.0 = Debug|Any CPU
		{F77A2451-C3D6-415A-AE05-13EF6128D7F0}.Release|Any CPU.ActiveCfg = Release|Any CPU
		{F77A2451-C3D6-415A-AE05-13EF6128D7F0}.Release|Any CPU.Build.0 = Release|Any CPU
		{49E95C41-A3F2-42B1-85C4-E4182662741A}.Debug|Any CPU.ActiveCfg = Debug|Any CPU
		{49E95C41-A3F2-42B1-85C4-E4182662741A}.Debug|Any CPU.Build.0 = Debug|Any CPU
		{49E95C41-A3F2-42B1-85C4-E4182662741A}.Release|Any CPU.ActiveCfg = Release|Any CPU
		{49E95C41-A3F2-42B1-85C4-E4182662741A}.Release|Any CPU.Build.0 = Release|Any CPU
		{36E08F9F-F8AE-499A-875A-EF61DEE7392B}.Debug|Any CPU.ActiveCfg = Debug|Any CPU
		{36E08F9F-F8AE-499A-875A-EF61DEE7392B}.Debug|Any CPU.Build.0 = Debug|Any CPU
		{36E08F9F-F8AE-499A-875A-EF61DEE7392B}.Release|Any CPU.ActiveCfg = Release|Any CPU
		{36E08F9F-F8AE-499A-875A-EF61DEE7392B}.Release|Any CPU.Build.0 = Release|Any CPU
		{860A848D-B855-45B9-BE2A-55A9533F8472}.Debug|Any CPU.ActiveCfg = Debug|Any CPU
		{860A848D-B855-45B9-BE2A-55A9533F8472}.Debug|Any CPU.Build.0 = Debug|Any CPU
		{860A848D-B855-45B9-BE2A-55A9533F8472}.Release|Any CPU.ActiveCfg = Release|Any CPU
		{860A848D-B855-45B9-BE2A-55A9533F8472}.Release|Any CPU.Build.0 = Release|Any CPU
		{915CBD84-4633-4DAC-BF31-19498DF814B5}.Debug|Any CPU.ActiveCfg = Debug|Any CPU
		{915CBD84-4633-4DAC-BF31-19498DF814B5}.Debug|Any CPU.Build.0 = Debug|Any CPU
		{915CBD84-4633-4DAC-BF31-19498DF814B5}.Release|Any CPU.ActiveCfg = Release|Any CPU
		{915CBD84-4633-4DAC-BF31-19498DF814B5}.Release|Any CPU.Build.0 = Release|Any CPU
	EndGlobalSection
	GlobalSection(SolutionProperties) = preSolution
		HideSolutionNode = FALSE
	EndGlobalSection
	GlobalSection(NestedProjects) = preSolution
		{9B7E5CD4-098B-486C-8DDD-4BC0861431B0} = {E4A5FDF7-B326-4F7B-8600-702428D5F6DC}
		{35DC0366-AA81-4330-960C-48175DE12967} = {E4A5FDF7-B326-4F7B-8600-702428D5F6DC}
		{2F242148-2EEF-459A-B35C-4626D19330A8} = {E4A5FDF7-B326-4F7B-8600-702428D5F6DC}
		{96CAAB5A-3D6C-451B-9CD0-3BF7221E2FF7} = {9B7E5CD4-098B-486C-8DDD-4BC0861431B0}
		{F77A2451-C3D6-415A-AE05-13EF6128D7F0} = {9B7E5CD4-098B-486C-8DDD-4BC0861431B0}
		{49E95C41-A3F2-42B1-85C4-E4182662741A} = {35DC0366-AA81-4330-960C-48175DE12967}
		{36E08F9F-F8AE-499A-875A-EF61DEE7392B} = {2F242148-2EEF-459A-B35C-4626D19330A8}
		{860A848D-B855-45B9-BE2A-55A9533F8472} = {35DC0366-AA81-4330-960C-48175DE12967}
		{335365CE-52A7-47E8-B62C-B3280EBCA095} = {E4A5FDF7-B326-4F7B-8600-702428D5F6DC}
		{47C010E9-B195-446A-AF16-C0F90666BFB3} = {335365CE-52A7-47E8-B62C-B3280EBCA095}
		{915CBD84-4633-4DAC-BF31-19498DF814B5} = {47C010E9-B195-446A-AF16-C0F90666BFB3}
	EndGlobalSection
	GlobalSection(ExtensibilityGlobals) = postSolution
		SolutionGuid = {F87D720B-8CFA-4443-A0A5-5CBA0237316B}
	EndGlobalSection
EndGlobal
